
Microsoft Visual Studio Solution File, Format Version 12.00
# Visual Studio 2017
Project("{FAE04EC0-301F-11D3-BF4B-00C04F79EFBC}") = "experimenal games.Plugins", "experimenal games.Plugins.csproj", "{792631EF-788F-B84E-6BE5-553C2DD10D95}"
EndProject
Project("{FAE04EC0-301F-11D3-BF4B-00C04F79EFBC}") = "experimenal games", "experimenal games.csproj", "{2B2A1B9A-24D7-B0BD-90B2-0EC147751494}"
EndProject
Project("{FAE04EC0-301F-11D3-BF4B-00C04F79EFBC}") = "experimenal games.Editor.Plugins", "experimenal games.Editor.Plugins.csproj", "{C1B092B0-B492-165E-685F-9451049C1F06}"
EndProject
Global
	GlobalSection(SolutionConfigurationPlatforms) = preSolution
		Debug|Any CPU = Debug|Any CPU
		Release|Any CPU = Release|Any CPU
	EndGlobalSection
	GlobalSection(ProjectConfigurationPlatforms) = postSolution
		{792631EF-788F-B84E-6BE5-553C2DD10D95}.Debug|Any CPU.ActiveCfg = Debug|Any CPU
		{792631EF-788F-B84E-6BE5-553C2DD10D95}.Debug|Any CPU.Build.0 = Debug|Any CPU
		{792631EF-788F-B84E-6BE5-553C2DD10D95}.Release|Any CPU.ActiveCfg = Release|Any CPU
		{792631EF-788F-B84E-6BE5-553C2DD10D95}.Release|Any CPU.Build.0 = Release|Any CPU
		{2B2A1B9A-24D7-B0BD-90B2-0EC147751494}.Debug|Any CPU.ActiveCfg = Debug|Any CPU
		{2B2A1B9A-24D7-B0BD-90B2-0EC147751494}.Debug|Any CPU.Build.0 = Debug|Any CPU
		{2B2A1B9A-24D7-B0BD-90B2-0EC147751494}.Release|Any CPU.ActiveCfg = Release|Any CPU
		{2B2A1B9A-24D7-B0BD-90B2-0EC147751494}.Release|Any CPU.Build.0 = Release|Any CPU
		{C1B092B0-B492-165E-685F-9451049C1F06}.Debug|Any CPU.ActiveCfg = Debug|Any CPU
		{C1B092B0-B492-165E-685F-9451049C1F06}.Debug|Any CPU.Build.0 = Debug|Any CPU
		{C1B092B0-B492-165E-685F-9451049C1F06}.Release|Any CPU.ActiveCfg = Release|Any CPU
		{C1B092B0-B492-165E-685F-9451049C1F06}.Release|Any CPU.Build.0 = Release|Any CPU
	EndGlobalSection
	GlobalSection(SolutionProperties) = preSolution
		HideSolutionNode = FALSE
	EndGlobalSection
EndGlobal
